
Microsoft Visual Studio Solution File, Format Version 12.00
# Visual Studio Version 16
VisualStudioVersion = 16.0.30524.135
MinimumVisualStudioVersion = 10.0.40219.1
Project("{9A19103F-16F7-4668-BE54-9A1E7A4F7556}") = "LfUtilities", "LfUtilities\LfUtilities.csproj", "{123964EB-F38B-4D35-A13F-50AF09B9E241}"
EndProject
Project("{9A19103F-16F7-4668-BE54-9A1E7A4F7556}") = "UnitTestProjectLfUt", "UnitTestProjectLfUt\UnitTestProjectLfUt.csproj", "{C246925E-C59F-4BAD-BD29-1934AF20DED4}"
	ProjectSection(ProjectDependencies) = postProject
		{123964EB-F38B-4D35-A13F-50AF09B9E241} = {123964EB-F38B-4D35-A13F-50AF09B9E241}
	EndProjectSection
EndProject
Global
	GlobalSection(SolutionConfigurationPlatforms) = preSolution
		Debug|Any CPU = Debug|Any CPU
		Release|Any CPU = Release|Any CPU
	EndGlobalSection
	GlobalSection(ProjectConfigurationPlatforms) = postSolution
		{123964EB-F38B-4D35-A13F-50AF09B9E241}.Debug|Any CPU.ActiveCfg = Debug|Any CPU
		{123964EB-F38B-4D35-A13F-50AF09B9E241}.Debug|Any CPU.Build.0 = Debug|Any CPU
		{123964EB-F38B-4D35-A13F-50AF09B9E241}.Release|Any CPU.ActiveCfg = Release|Any CPU
		{123964EB-F38B-4D35-A13F-50AF09B9E241}.Release|Any CPU.Build.0 = Release|Any CPU
		{C246925E-C59F-4BAD-BD29-1934AF20DED4}.Debug|Any CPU.ActiveCfg = Debug|Any CPU
		{C246925E-C59F-4BAD-BD29-1934AF20DED4}.Debug|Any CPU.Build.0 = Debug|Any CPU
		{C246925E-C59F-4BAD-BD29-1934AF20DED4}.Release|Any CPU.ActiveCfg = Release|Any CPU
		{C246925E-C59F-4BAD-BD29-1934AF20DED4}.Release|Any CPU.Build.0 = Release|Any CPU
	EndGlobalSection
	GlobalSection(SolutionProperties) = preSolution
		HideSolutionNode = FALSE
	EndGlobalSection
	GlobalSection(ExtensibilityGlobals) = postSolution
		SolutionGuid = {1591C29C-0964-4E71-BB08-24B8B9B80328}
	EndGlobalSection
EndGlobal
